# THIS IS AN AUTOGENERATED FILE. DO NOT EDIT THIS FILE DIRECTLY.
# yarn lockfile v1


"@webtides/luna-cli@file:../../../packages/cli":
  version "0.12.1"
  resolved "file:../../../packages/cli"
  dependencies:
    "@babel/cli" "^7.24.7"
    "@babel/core" "^7.24.7"
    "@babel/plugin-proposal-class-properties" "^7.18.6"
    "@babel/plugin-proposal-decorators" "^7.24.7"
    "@babel/plugin-proposal-export-default-from" "^7.24.7"
    "@babel/plugin-proposal-nullish-coalescing-operator" "^7.18.6"
    "@babel/plugin-proposal-optional-chaining" "^7.21.0"
    "@babel/plugin-transform-modules-commonjs" "^7.24.7"
    "@babel/preset-env" "^7.24.7"
    "@babel/register" "^7.24.6"
    "@babel/traverse" "^7.24.7"
    "@babel/types" "^7.24.7"
    "@github-docs/frontmatter" "^1.3.1"
    "@rollup/plugin-babel" "^6.0.4"
    "@rollup/plugin-commonjs" "^26.0.1"
    "@rollup/plugin-json" "^6.1.0"
    "@rollup/plugin-multi-entry" "^6.0.1"
    "@rollup/plugin-node-resolve" "^15.2.3"
    "@rollup/plugin-replace" "^5.0.7"
    babel-plugin-source-map-support "^2.2.0"
    body-parser "^1.20.2"
    chokidar "^3.6.0"
    core-js "^3.37.1"
    deepmerge "^4.2.2"
    dotenv "^16.4.5"
    glob-all "^3.3.1"
    inquirer "^7.3.3"
    marked "^4.3.0"
    node-fetch "^2.7.0"
    param-case "^3.0.4"
    pascal-case "^3.1.2"
    postcss "^8.4.39"
    postcss-import "^14.1.0"
    postcss-load-config "^6.0.1"
    recast "^0.23.9"
    regenerator-runtime "^0.14.1"
    rimraf "^3.0.2"
    rollup "^4.18.0"
    rollup-plugin-external-globals "^0.11.0"
    rollup-plugin-terser "^7.0.2"
    source-map-support "^0.5.21"
    ws "^7.5.10"
    yargs "^16.2.0"

"@webtides/luna-js@file:../../../packages/luna":
  version "0.12.4"
  resolved "file:../../../packages/luna"
  dependencies:
    body-parser "^1.20.2"
    camel-case "^4.1.2"
    dotenv "^16.4.5"
    express "^4.19.2"
    glob-all "^3.3.1"
    param-case "^3.0.4"
    posthtml "^0.16.6"
    posthtml-insert-at "0.2.7"

cors@^2.8.5:
  version "2.8.5"
  resolved "https://registry.npmjs.org/cors/-/cors-2.8.5.tgz"
  integrity sha512-KIHbLJqu73RGr/hnbrO9uBeixNGuvSQjul/jdFvS/KFSIH1hWVd1ng7zOHx+YrEfInLG7q4n6GHQ9cDtxv/P6g==
  dependencies:
    object-assign "^4"
    vary "^1"

object-assign@^4:
  version "4.1.1"
  resolved "https://registry.npmjs.org/object-assign/-/object-assign-4.1.1.tgz"
  integrity sha512-rJgTQnkUnH1sFw8yT6VSU3zD3sWmu6sZhIseY8VX+GRu3P6F7Fu+JNDoXfklElbLJSnc3FUQHVe4cU5hj+BcUg==

vary@^1:
  version "1.1.2"
  resolved "https://registry.npmjs.org/vary/-/vary-1.1.2.tgz"
  integrity sha512-BNGbWLfd0eUPabhkXUVm0j8uuvREyTh5ovRa/dyow/BqAbZJyC+5fU+IzQOzmAKzYqYRAISoRhdQr3eIZ/PXqg==
