# THIS IS AN AUTOGENERATED FILE. DO NOT EDIT THIS FILE DIRECTLY.
# yarn lockfile v1


"@webtides/luna-cli@file:../../../packages/cli":
  version "0.12.1"
  resolved "file:../../../packages/cli"
  dependencies:
    "@babel/cli" "^7.16.7"
    "@babel/core" "^7.16.7"
    "@babel/plugin-proposal-class-properties" "^7.16.7"
    "@babel/plugin-proposal-decorators" "^7.16.7"
    "@babel/plugin-proposal-export-default-from" "^7.16.7"
    "@babel/plugin-proposal-nullish-coalescing-operator" "^7.16.7"
    "@babel/plugin-proposal-optional-chaining" "^7.16.7"
    "@babel/plugin-transform-modules-commonjs" "^7.16.7"
    "@babel/preset-env" "^7.16.7"
    "@babel/register" "^7.16.7"
    "@github-docs/frontmatter" "^1.3.1"
    "@rollup/plugin-babel" "^5.2.2"
    "@rollup/plugin-commonjs" "^15.1.0"
    "@rollup/plugin-json" "^4.1.0"
    "@rollup/plugin-multi-entry" "^4.0.0"
    "@rollup/plugin-node-resolve" "^13.3.0"
    "@rollup/plugin-replace" "^2.4.2"
    babel-plugin-source-map-support "^2.1.3"
    body-parser "^1.19.0"
    chokidar "^3.5.1"
    core-js "^3.8.3"
    deepmerge "^4.2.2"
    dotenv "^8.2.0"
    glob-all "^3.2.1"
    inquirer "^7.3.3"
    marked "^4.0.12"
    node-fetch "^2.6.1"
    param-case "^3.0.4"
    pascal-case "^3.1.2"
    postcss "^8.2.10"
    postcss-import "^14.0.0"
    postcss-load-config "^3.1.1"
    recast "^0.20.5"
    regenerator-runtime "^0.13.7"
    rimraf "^3.0.2"
    rollup "^2.70.2"
    rollup-plugin-external-globals "^0.6.1"
    rollup-plugin-terser "^7.0.2"
    source-map-support "^0.5.21"
    ws "^7.4.4"
    yargs "^16.2.0"

"@webtides/luna-js@file:../../../packages/luna":
  version "0.12.4"
  resolved "file:../../../packages/luna"
  dependencies:
    body-parser "^1.19.0"
    camel-case "^4.1.2"
    dotenv "^8.2.0"
    express "^4.17.1"
    glob-all "^3.2.1"
    param-case "^3.0.4"
    posthtml "^0.16.3"
    posthtml-insert-at "0.2.7"
    simple-dom "^1.4.0"

cors@^2.8.5:
  version "2.8.5"
  resolved "https://registry.npmjs.org/cors/-/cors-2.8.5.tgz"
  integrity sha512-KIHbLJqu73RGr/hnbrO9uBeixNGuvSQjul/jdFvS/KFSIH1hWVd1ng7zOHx+YrEfInLG7q4n6GHQ9cDtxv/P6g==
  dependencies:
    object-assign "^4"
    vary "^1"

object-assign@^4:
  version "4.1.1"
  resolved "https://registry.npmjs.org/object-assign/-/object-assign-4.1.1.tgz"
  integrity sha512-rJgTQnkUnH1sFw8yT6VSU3zD3sWmu6sZhIseY8VX+GRu3P6F7Fu+JNDoXfklElbLJSnc3FUQHVe4cU5hj+BcUg==

vary@^1:
  version "1.1.2"
  resolved "https://registry.npmjs.org/vary/-/vary-1.1.2.tgz"
  integrity sha512-BNGbWLfd0eUPabhkXUVm0j8uuvREyTh5ovRa/dyow/BqAbZJyC+5fU+IzQOzmAKzYqYRAISoRhdQr3eIZ/PXqg==
