# THIS IS AN AUTOGENERATED FILE. DO NOT EDIT THIS FILE DIRECTLY.
# yarn lockfile v1


"@popeindustries/lit-html-server@^3.1.0":
  "integrity" "sha512-OuVxzjN17fIoCGcZFCmF6//rQ86dfevp0703SC2W8S0G257mvjuVBHdRomyVYYFqBjpr9naRz2oFdLjPvCG8bw=="
  "resolved" "https://registry.npmjs.org/@popeindustries/lit-html-server/-/lit-html-server-3.1.0.tgz"
  "version" "3.1.0"

"lit-html@^1.4.1":
  "integrity" "sha512-B9btcSgPYb1q4oSOb/PrOT6Z/H+r6xuNzfH4lFli/AWhYwdtrgQkQWBbIc6mdnf6E2IL3gDXdkkqNktpU0OZQA=="
  "resolved" "https://registry.npmjs.org/lit-html/-/lit-html-1.4.1.tgz"
  "version" "1.4.1"
